
Microsoft Visual Studio Solution File, Format Version 12.00
# Visual Studio Version 17
VisualStudioVersion = 17.14.36401.2 d17.14
MinimumVisualStudioVersion = 10.0.40219.1
Project("{FAE04EC0-301F-11D3-BF4B-00C04F79EFBC}") = "NYR.API", "NYR.API.csproj", "{2E0E022F-FE58-D51D-B712-5EEDDB88E4A0}"
EndProject
Global
	GlobalSection(SolutionConfigurationPlatforms) = preSolution
		Debug|Any CPU = Debug|Any CPU
		Release|Any CPU = Release|Any CPU
	EndGlobalSection
	GlobalSection(ProjectConfigurationPlatforms) = postSolution
		{2E0E022F-FE58-D51D-B712-5EEDDB88E4A0}.Debug|Any CPU.ActiveCfg = Debug|Any CPU
		{2E0E022F-FE58-D51D-B712-5EEDDB88E4A0}.Debug|Any CPU.Build.0 = Debug|Any CPU
		{2E0E022F-FE58-D51D-B712-5EEDDB88E4A0}.Release|Any CPU.ActiveCfg = Release|Any CPU
		{2E0E022F-FE58-D51D-B712-5EEDDB88E4A0}.Release|Any CPU.Build.0 = Release|Any CPU
	EndGlobalSection
	GlobalSection(SolutionProperties) = preSolution
		HideSolutionNode = FALSE
	EndGlobalSection
	GlobalSection(ExtensibilityGlobals) = postSolution
		SolutionGuid = {2FFC209F-F15C-4CB6-A2D1-E316512A682C}
	EndGlobalSection
EndGlobal
